{
  "version": 4,
  "terraform_version": "1.8.4",
  "serial": 9,
  "lineage": "c68ea1ce-d60e-fd7d-61df-f9e907ad82fe",
  "outputs": {
    "codecommit_repository_clone_url": {
      "value": "https://git-codecommit.us-west-2.amazonaws.com/v1/repos/my-ci-cd-project-repo",
      "type": "string"
    }
  },
  "resources": [
    {
      "mode": "managed",
      "type": "aws_codecommit_repository",
      "name": "repo",
      "provider": "provider[\"registry.terraform.io/hashicorp/aws\"]",
      "instances": [
        {
          "schema_version": 0,
          "attributes": {
            "arn": "arn:aws:codecommit:us-west-2:767397904848:my-ci-cd-project-repo",
            "clone_url_http": "https://git-codecommit.us-west-2.amazonaws.com/v1/repos/my-ci-cd-project-repo",
            "clone_url_ssh": "ssh://git-codecommit.us-west-2.amazonaws.com/v1/repos/my-ci-cd-project-repo",
            "default_branch": null,
            "description": "My example codecommit repository",
            "id": "my-ci-cd-project-repo",
            "kms_key_id": "arn:aws:kms:us-west-2:767397904848:key/f2d98f4d-abe8-48ce-a158-79a4a81ae550",
            "repository_id": "b93eada7-20ac-4c7e-8660-f404156e2eaf",
            "repository_name": "my-ci-cd-project-repo",
            "tags": null,
            "tags_all": {}
          },
          "sensitive_attributes": [],
          "private": "bnVsbA=="
        }
      ]
    },
    {
      "mode": "managed",
      "type": "aws_codedeploy_app",
      "name": "app",
      "provider": "provider[\"registry.terraform.io/hashicorp/aws\"]",
      "instances": [
        {
          "schema_version": 0,
          "attributes": {
            "application_id": "1874039e-4e0c-4584-8788-935e1f5ea61e",
            "arn": "arn:aws:codedeploy:us-west-2:767397904848:application:my-ci-cd-project-app",
            "compute_platform": "Server",
            "github_account_name": "",
            "id": "1874039e-4e0c-4584-8788-935e1f5ea61e:my-ci-cd-project-app",
            "linked_to_github": false,
            "name": "my-ci-cd-project-app",
            "tags": null,
            "tags_all": {}
          },
          "sensitive_attributes": [],
          "private": "bnVsbA=="
        }
      ]
    },
    {
      "mode": "managed",
      "type": "aws_iam_role",
      "name": "codepipeline_role",
      "provider": "provider[\"registry.terraform.io/hashicorp/aws\"]",
      "instances": [
        {
          "schema_version": 0,
          "attributes": {
            "arn": "arn:aws:iam::767397904848:role/my-ci-cd-project-codepipeline-role",
            "assume_role_policy": "{\"Statement\":[{\"Action\":\"sts:AssumeRole\",\"Effect\":\"Allow\",\"Principal\":{\"Service\":\"codepipeline.amazonaws.com\"}}],\"Version\":\"2012-10-17\"}",
            "create_date": "2024-06-07T06:07:17Z",
            "description": "",
            "force_detach_policies": false,
            "id": "my-ci-cd-project-codepipeline-role",
            "inline_policy": [],
            "managed_policy_arns": [],
            "max_session_duration": 3600,
            "name": "my-ci-cd-project-codepipeline-role",
            "name_prefix": "",
            "path": "/",
            "permissions_boundary": "",
            "tags": null,
            "tags_all": {},
            "unique_id": "AROA3FLD2YHICQ5YTKPUW"
          },
          "sensitive_attributes": [],
          "private": "bnVsbA=="
        }
      ]
    },
    {
      "mode": "managed",
      "type": "aws_iam_role_policy",
      "name": "codepipeline_policy",
      "provider": "provider[\"registry.terraform.io/hashicorp/aws\"]",
      "instances": [
        {
          "schema_version": 0,
          "attributes": {
            "id": "my-ci-cd-project-codepipeline-role:terraform-20240607060720183100000001",
            "name": "terraform-20240607060720183100000001",
            "name_prefix": "terraform-",
            "policy": "{\"Version\":\"2012-10-17\",\"Statement\":[{\"Action\":[\"s3:GetObject\",\"s3:PutObject\"],\"Effect\":\"Allow\",\"Resource\":[\"arn:aws:s3:::my-ci-cd-project-codepipeline-bucket/*\"]},{\"Action\":\"codebuild:StartBuild\",\"Effect\":\"Allow\",\"Resource\":\"*\"}]}",
            "role": "my-ci-cd-project-codepipeline-role"
          },
          "sensitive_attributes": [],
          "private": "bnVsbA==",
          "dependencies": [
            "aws_iam_role.codepipeline_role",
            "aws_s3_bucket.codepipeline_bucket"
          ]
        }
      ]
    },
    {
      "mode": "managed",
      "type": "aws_s3_bucket",
      "name": "codepipeline_bucket",
      "provider": "provider[\"registry.terraform.io/hashicorp/aws\"]",
      "instances": [
        {
          "schema_version": 0,
          "attributes": {
            "acceleration_status": "",
            "acl": null,
            "arn": "arn:aws:s3:::my-ci-cd-project-codepipeline-bucket",
            "bucket": "my-ci-cd-project-codepipeline-bucket",
            "bucket_domain_name": "my-ci-cd-project-codepipeline-bucket.s3.amazonaws.com",
            "bucket_prefix": "",
            "bucket_regional_domain_name": "my-ci-cd-project-codepipeline-bucket.s3.us-west-2.amazonaws.com",
            "cors_rule": [],
            "force_destroy": false,
            "grant": [
              {
                "id": "4251c0f04b4e775f4520ee32989c060d9bac35c90be5d3506c785020b1b8aca3",
                "permissions": [
                  "FULL_CONTROL"
                ],
                "type": "CanonicalUser",
                "uri": ""
              }
            ],
            "hosted_zone_id": "Z3BJ6K6RIION7M",
            "id": "my-ci-cd-project-codepipeline-bucket",
            "lifecycle_rule": [],
            "logging": [],
            "object_lock_configuration": [],
            "object_lock_enabled": false,
            "policy": "",
            "region": "us-west-2",
            "replication_configuration": [],
            "request_payer": "BucketOwner",
            "server_side_encryption_configuration": [
              {
                "rule": [
                  {
                    "apply_server_side_encryption_by_default": [
                      {
                        "kms_master_key_id": "",
                        "sse_algorithm": "AES256"
                      }
                    ],
                    "bucket_key_enabled": false
                  }
                ]
              }
            ],
            "tags": null,
            "tags_all": {},
            "timeouts": null,
            "versioning": [
              {
                "enabled": false,
                "mfa_delete": false
              }
            ],
            "website": [],
            "website_domain": null,
            "website_endpoint": null
          },
          "sensitive_attributes": [],
          "private": "eyJlMmJmYjczMC1lY2FhLTExZTYtOGY4OC0zNDM2M2JjN2M0YzAiOnsiY3JlYXRlIjoxMjAwMDAwMDAwMDAwLCJkZWxldGUiOjM2MDAwMDAwMDAwMDAsInJlYWQiOjEyMDAwMDAwMDAwMDAsInVwZGF0ZSI6MTIwMDAwMDAwMDAwMH19"
        }
      ]
    }
  ],
  "check_results": null
}
